
Microsoft Visual Studio Solution File, Format Version 12.00
# Visual Studio Version 16
VisualStudioVersion = 16.0.31702.278
MinimumVisualStudioVersion = 10.0.40219.1
Project("{9A19103F-16F7-4668-BE54-9A1E7A4F7556}") = "CursoCSharp", "CursoCSharp\CursoCSharp.csproj", "{A67B2FE3-0C1F-41C7-90D7-085DC139AB36}"
EndProject
Project("{FAE04EC0-301F-11D3-BF4B-00C04F79EFBC}") = "Encapsulamento", "Encapsulamento\Encapsulamento.csproj", "{67598CE2-0E22-485F-A537-506E0B2FD8A7}"
EndProject
Global
	GlobalSection(SolutionConfigurationPlatforms) = preSolution
		Debug|Any CPU = Debug|Any CPU
		Release|Any CPU = Release|Any CPU
	EndGlobalSection
	GlobalSection(ProjectConfigurationPlatforms) = postSolution
		{A67B2FE3-0C1F-41C7-90D7-085DC139AB36}.Debug|Any CPU.ActiveCfg = Debug|Any CPU
		{A67B2FE3-0C1F-41C7-90D7-085DC139AB36}.Debug|Any CPU.Build.0 = Debug|Any CPU
		{A67B2FE3-0C1F-41C7-90D7-085DC139AB36}.Release|Any CPU.ActiveCfg = Release|Any CPU
		{A67B2FE3-0C1F-41C7-90D7-085DC139AB36}.Release|Any CPU.Build.0 = Release|Any CPU
		{67598CE2-0E22-485F-A537-506E0B2FD8A7}.Debug|Any CPU.ActiveCfg = Debug|Any CPU
		{67598CE2-0E22-485F-A537-506E0B2FD8A7}.Debug|Any CPU.Build.0 = Debug|Any CPU
		{67598CE2-0E22-485F-A537-506E0B2FD8A7}.Release|Any CPU.ActiveCfg = Release|Any CPU
		{67598CE2-0E22-485F-A537-506E0B2FD8A7}.Release|Any CPU.Build.0 = Release|Any CPU
	EndGlobalSection
	GlobalSection(SolutionProperties) = preSolution
		HideSolutionNode = FALSE
	EndGlobalSection
	GlobalSection(ExtensibilityGlobals) = postSolution
		SolutionGuid = {D5984B85-B42E-48E2-AE57-7D9538F87325}
	EndGlobalSection
EndGlobal
